// !$*UTF8*$!
{
	archiveVersion = 1;
	classes = {
	};
	objectVersion = 50;
	objects = {

/* Begin PBXBuildFile section */
		D2C096D220A2294A00E51D07 /* main.cpp in Sources */ = {isa = PBXBuildFile; fileRef = D2C096D120A2294A00E51D07 /* main.cpp */; };
		D2C096DA20A22B9500E51D07 /* Snap.cpp in Sources */ = {isa = PBXBuildFile; fileRef = D2C096D820A22B9500E51D07 /* Snap.cpp */; };
		D2C096DD20A22BC300E51D07 /* Csg.cpp in Sources */ = {isa = PBXBuildFile; fileRef = D2C096DB20A22BC300E51D07 /* Csg.cpp */; };
		D2C096E020A22BCE00E51D07 /* Cr.cpp in Sources */ = {isa = PBXBuildFile; fileRef = D2C096DE20A22BCE00E51D07 /* Cr.cpp */; };
		D2C096E320A2313900E51D07 /* Course.cpp in Sources */ = {isa = PBXBuildFile; fileRef = D2C096E120A2313900E51D07 /* Course.cpp */; };
		D2C096E620A234B100E51D07 /* Cdh.cpp in Sources */ = {isa = PBXBuildFile; fileRef = D2C096E420A234B100E51D07 /* Cdh.cpp */; };
		D2C096E920A3A99100E51D07 /* Student.cpp in Sources */ = {isa = PBXBuildFile; fileRef = D2C096E720A3A99100E51D07 /* Student.cpp */; };
/* End PBXBuildFile section */

/* Begin PBXCopyFilesBuildPhase section */
		D2C096CC20A2294900E51D07 /* CopyFiles */ = {
			isa = PBXCopyFilesBuildPhase;
			buildActionMask = 2147483647;
			dstPath = /usr/share/man/man1/;
			dstSubfolderSpec = 0;
			files = (
			);
			runOnlyForDeploymentPostprocessing = 1;
		};
/* End PBXCopyFilesBuildPhase section */

/* Begin PBXFileReference section */
		D2C096CE20A2294A00E51D07 /* SNAP */ = {isa = PBXFileReference; explicitFileType = "compiled.mach-o.executable"; includeInIndex = 0; path = SNAP; sourceTree = BUILT_PRODUCTS_DIR; };
		D2C096D120A2294A00E51D07 /* main.cpp */ = {isa = PBXFileReference; lastKnownFileType = sourcecode.cpp.cpp; path = main.cpp; sourceTree = "<group>"; };
		D2C096D820A22B9500E51D07 /* Snap.cpp */ = {isa = PBXFileReference; lastKnownFileType = sourcecode.cpp.cpp; path = Snap.cpp; sourceTree = "<group>"; };
		D2C096D920A22B9500E51D07 /* Snap.h */ = {isa = PBXFileReference; lastKnownFileType = sourcecode.c.h; path = Snap.h; sourceTree = "<group>"; };
		D2C096DB20A22BC300E51D07 /* Csg.cpp */ = {isa = PBXFileReference; lastKnownFileType = sourcecode.cpp.cpp; path = Csg.cpp; sourceTree = "<group>"; };
		D2C096DC20A22BC300E51D07 /* Csg.h */ = {isa = PBXFileReference; lastKnownFileType = sourcecode.c.h; path = Csg.h; sourceTree = "<group>"; };
		D2C096DE20A22BCE00E51D07 /* Cr.cpp */ = {isa = PBXFileReference; lastKnownFileType = sourcecode.cpp.cpp; path = Cr.cpp; sourceTree = "<group>"; };
		D2C096DF20A22BCE00E51D07 /* Cr.h */ = {isa = PBXFileReference; lastKnownFileType = sourcecode.c.h; path = Cr.h; sourceTree = "<group>"; };
		D2C096E120A2313900E51D07 /* Course.cpp */ = {isa = PBXFileReference; lastKnownFileType = sourcecode.cpp.cpp; path = Course.cpp; sourceTree = "<group>"; };
		D2C096E220A2313900E51D07 /* Course.h */ = {isa = PBXFileReference; lastKnownFileType = sourcecode.c.h; path = Course.h; sourceTree = "<group>"; };
		D2C096E420A234B100E51D07 /* Cdh.cpp */ = {isa = PBXFileReference; lastKnownFileType = sourcecode.cpp.cpp; path = Cdh.cpp; sourceTree = "<group>"; };
		D2C096E520A234B100E51D07 /* Cdh.h */ = {isa = PBXFileReference; lastKnownFileType = sourcecode.c.h; path = Cdh.h; sourceTree = "<group>"; };
		D2C096E720A3A99100E51D07 /* Student.cpp */ = {isa = PBXFileReference; lastKnownFileType = sourcecode.cpp.cpp; path = Student.cpp; sourceTree = "<group>"; };
		D2C096E820A3A99100E51D07 /* Student.h */ = {isa = PBXFileReference; lastKnownFileType = sourcecode.c.h; path = Student.h; sourceTree = "<group>"; };
/* End PBXFileReference section */

/* Begin PBXFrameworksBuildPhase section */
		D2C096CB20A2294900E51D07 /* Frameworks */ = {
			isa = PBXFrameworksBuildPhase;
			buildActionMask = 2147483647;
			files = (
			);
			runOnlyForDeploymentPostprocessing = 0;
		};
/* End PBXFrameworksBuildPhase section */

/* Begin PBXGroup section */
		D2C096C520A2294900E51D07 = {
			isa = PBXGroup;
			children = (
				D2C096D020A2294A00E51D07 /* SNAP */,
				D2C096CF20A2294A00E51D07 /* Products */,
			);
			sourceTree = "<group>";
		};
		D2C096CF20A2294A00E51D07 /* Products */ = {
			isa = PBXGroup;
			children = (
				D2C096CE20A2294A00E51D07 /* SNAP */,
			);
			name = Products;
			sourceTree = "<group>";
		};
		D2C096D020A2294A00E51D07 /* SNAP */ = {
			isa = PBXGroup;
			children = (
				D2C096D120A2294A00E51D07 /* main.cpp */,
				D2C096E720A3A99100E51D07 /* Student.cpp */,
				D2C096E820A3A99100E51D07 /* Student.h */,
				D2C096DB20A22BC300E51D07 /* Csg.cpp */,
				D2C096DC20A22BC300E51D07 /* Csg.h */,
				D2C096E420A234B100E51D07 /* Cdh.cpp */,
				D2C096E520A234B100E51D07 /* Cdh.h */,
				D2C096DE20A22BCE00E51D07 /* Cr.cpp */,
				D2C096DF20A22BCE00E51D07 /* Cr.h */,
				D2C096D820A22B9500E51D07 /* Snap.cpp */,
				D2C096D920A22B9500E51D07 /* Snap.h */,
				D2C096E120A2313900E51D07 /* Course.cpp */,
				D2C096E220A2313900E51D07 /* Course.h */,
			);
			path = SNAP;
			sourceTree = "<group>";
		};
/* End PBXGroup section */

/* Begin PBXNativeTarget section */
		D2C096CD20A2294900E51D07 /* SNAP */ = {
			isa = PBXNativeTarget;
			buildConfigurationList = D2C096D520A2294A00E51D07 /* Build configuration list for PBXNativeTarget "SNAP" */;
			buildPhases = (
				D2C096CA20A2294900E51D07 /* Sources */,
				D2C096CB20A2294900E51D07 /* Frameworks */,
				D2C096CC20A2294900E51D07 /* CopyFiles */,
			);
			buildRules = (
			);
			dependencies = (
			);
			name = SNAP;
			productName = SNAP;
			productReference = D2C096CE20A2294A00E51D07 /* SNAP */;
			productType = "com.apple.product-type.tool";
		};
/* End PBXNativeTarget section */

/* Begin PBXProject section */
		D2C096C620A2294900E51D07 /* Project object */ = {
			isa = PBXProject;
			attributes = {
				LastUpgradeCheck = 0930;
				ORGANIZATIONNAME = "Sam Hopkins";
				TargetAttributes = {
					D2C096CD20A2294900E51D07 = {
						CreatedOnToolsVersion = 9.3;
					};
				};
			};
			buildConfigurationList = D2C096C920A2294900E51D07 /* Build configuration list for PBXProject "SNAP" */;
			compatibilityVersion = "Xcode 9.3";
			developmentRegion = en;
			hasScannedForEncodings = 0;
			knownRegions = (
				en,
			);
			mainGroup = D2C096C520A2294900E51D07;
			productRefGroup = D2C096CF20A2294A00E51D07 /* Products */;
			projectDirPath = "";
			projectRoot = "";
			targets = (
				D2C096CD20A2294900E51D07 /* SNAP */,
			);
		};
/* End PBXProject section */

/* Begin PBXSourcesBuildPhase section */
		D2C096CA20A2294900E51D07 /* Sources */ = {
			isa = PBXSourcesBuildPhase;
			buildActionMask = 2147483647;
			files = (
				D2C096E020A22BCE00E51D07 /* Cr.cpp in Sources */,
				D2C096D220A2294A00E51D07 /* main.cpp in Sources */,
				D2C096E320A2313900E51D07 /* Course.cpp in Sources */,
				D2C096E620A234B100E51D07 /* Cdh.cpp in Sources */,
				D2C096E920A3A99100E51D07 /* Student.cpp in Sources */,
				D2C096DA20A22B9500E51D07 /* Snap.cpp in Sources */,
				D2C096DD20A22BC300E51D07 /* Csg.cpp in Sources */,
			);
			runOnlyForDeploymentPostprocessing = 0;
		};
/* End PBXSourcesBuildPhase section */

/* Begin XCBuildConfiguration section */
		D2C096D320A2294A00E51D07 /* Debug */ = {
			isa = XCBuildConfiguration;
			buildSettings = {
				ALWAYS_SEARCH_USER_PATHS = NO;
				CLANG_ANALYZER_NONNULL = YES;
				CLANG_ANALYZER_NUMBER_OBJECT_CONVERSION = YES_AGGRESSIVE;
				CLANG_CXX_LANGUAGE_STANDARD = "gnu++14";
				CLANG_CXX_LIBRARY = "libc++";
				CLANG_ENABLE_MODULES = YES;
				CLANG_ENABLE_OBJC_ARC = YES;
				CLANG_ENABLE_OBJC_WEAK = YES;
				CLANG_WARN_BLOCK_CAPTURE_AUTORELEASING = YES;
				CLANG_WARN_BOOL_CONVERSION = YES;
				CLANG_WARN_COMMA = YES;
				CLANG_WARN_CONSTANT_CONVERSION = YES;
				CLANG_WARN_DEPRECATED_OBJC_IMPLEMENTATIONS = YES;
				CLANG_WARN_DIRECT_OBJC_ISA_USAGE = YES_ERROR;
				CLANG_WARN_DOCUMENTATION_COMMENTS = YES;
				CLANG_WARN_EMPTY_BODY = YES;
				CLANG_WARN_ENUM_CONVERSION = YES;
				CLANG_WARN_INFINITE_RECURSION = YES;
				CLANG_WARN_INT_CONVERSION = YES;
				CLANG_WARN_NON_LITERAL_NULL_CONVERSION = YES;
				CLANG_WARN_OBJC_IMPLICIT_RETAIN_SELF = YES;
				CLANG_WARN_OBJC_LITERAL_CONVERSION = YES;
				CLANG_WARN_OBJC_ROOT_CLASS = YES_ERROR;
				CLANG_WARN_RANGE_LOOP_ANALYSIS = YES;
				CLANG_WARN_STRICT_PROTOTYPES = YES;
				CLANG_WARN_SUSPICIOUS_MOVE = YES;
				CLANG_WARN_UNGUARDED_AVAILABILITY = YES_AGGRESSIVE;
				CLANG_WARN_UNREACHABLE_CODE = YES;
				CLANG_WARN__DUPLICATE_METHOD_MATCH = YES;
				CODE_SIGN_IDENTITY = "-";
				COPY_PHASE_STRIP = NO;
				DEBUG_INFORMATION_FORMAT = dwarf;
				ENABLE_STRICT_OBJC_MSGSEND = YES;
				ENABLE_TESTABILITY = YES;
				GCC_C_LANGUAGE_STANDARD = gnu11;
				GCC_DYNAMIC_NO_PIC = NO;
				GCC_NO_COMMON_BLOCKS = YES;
				GCC_OPTIMIZATION_LEVEL = 0;
				GCC_PREPROCESSOR_DEFINITIONS = (
					"DEBUG=1",
					"$(inherited)",
				);
				GCC_WARN_64_TO_32_BIT_CONVERSION = YES;
				GCC_WARN_ABOUT_RETURN_TYPE = YES_ERROR;
				GCC_WARN_UNDECLARED_SELECTOR = YES;
				GCC_WARN_UNINITIALIZED_AUTOS = YES_AGGRESSIVE;
				GCC_WARN_UNUSED_FUNCTION = YES;
				GCC_WARN_UNUSED_VARIABLE = YES;
				MACOSX_DEPLOYMENT_TARGET = 10.13;
				MTL_ENABLE_DEBUG_INFO = YES;
				ONLY_ACTIVE_ARCH = YES;
				SDKROOT = macosx;
			};
			name = Debug;
		};
		D2C096D420A2294A00E51D07 /* Release */ = {
			isa = XCBuildConfiguration;
			buildSettings = {
				ALWAYS_SEARCH_USER_PATHS = NO;
				CLANG_ANALYZER_NONNULL = YES;
				CLANG_ANALYZER_NUMBER_OBJECT_CONVERSION = YES_AGGRESSIVE;
				CLANG_CXX_LANGUAGE_STANDARD = "gnu++14";
				CLANG_CXX_LIBRARY = "libc++";
				CLANG_ENABLE_MODULES = YES;
				CLANG_ENABLE_OBJC_ARC = YES;
				CLANG_ENABLE_OBJC_WEAK = YES;
				CLANG_WARN_BLOCK_CAPTURE_AUTORELEASING = YES;
				CLANG_WARN_BOOL_CONVERSION = YES;
				CLANG_WARN_COMMA = YES;
				CLANG_WARN_CONSTANT_CONVERSION = YES;
				CLANG_WARN_DEPRECATED_OBJC_IMPLEMENTATIONS = YES;
				CLANG_WARN_DIRECT_OBJC_ISA_USAGE = YES_ERROR;
				CLANG_WARN_DOCUMENTATION_COMMENTS = YES;
				CLANG_WARN_EMPTY_BODY = YES;
				CLANG_WARN_ENUM_CONVERSION = YES;
				CLANG_WARN_INFINITE_RECURSION = YES;
				CLANG_WARN_INT_CONVERSION = YES;
				CLANG_WARN_NON_LITERAL_NULL_CONVERSION = YES;
				CLANG_WARN_OBJC_IMPLICIT_RETAIN_SELF = YES;
				CLANG_WARN_OBJC_LITERAL_CONVERSION = YES;
				CLANG_WARN_OBJC_ROOT_CLASS = YES_ERROR;
				CLANG_WARN_RANGE_LOOP_ANALYSIS = YES;
				CLANG_WARN_STRICT_PROTOTYPES = YES;
				CLANG_WARN_SUSPICIOUS_MOVE = YES;
				CLANG_WARN_UNGUARDED_AVAILABILITY = YES_AGGRESSIVE;
				CLANG_WARN_UNREACHABLE_CODE = YES;
				CLANG_WARN__DUPLICATE_METHOD_MATCH = YES;
				CODE_SIGN_IDENTITY = "-";
				COPY_PHASE_STRIP = NO;
				DEBUG_INFORMATION_FORMAT = "dwarf-with-dsym";
				ENABLE_NS_ASSERTIONS = NO;
				ENABLE_STRICT_OBJC_MSGSEND = YES;
				GCC_C_LANGUAGE_STANDARD = gnu11;
				GCC_NO_COMMON_BLOCKS = YES;
				GCC_WARN_64_TO_32_BIT_CONVERSION = YES;
				GCC_WARN_ABOUT_RETURN_TYPE = YES_ERROR;
				GCC_WARN_UNDECLARED_SELECTOR = YES;
				GCC_WARN_UNINITIALIZED_AUTOS = YES_AGGRESSIVE;
				GCC_WARN_UNUSED_FUNCTION = YES;
				GCC_WARN_UNUSED_VARIABLE = YES;
				MACOSX_DEPLOYMENT_TARGET = 10.13;
				MTL_ENABLE_DEBUG_INFO = NO;
				SDKROOT = macosx;
			};
			name = Release;
		};
		D2C096D620A2294A00E51D07 /* Debug */ = {
			isa = XCBuildConfiguration;
			buildSettings = {
				CODE_SIGN_STYLE = Automatic;
				PRODUCT_NAME = "$(TARGET_NAME)";
			};
			name = Debug;
		};
		D2C096D720A2294A00E51D07 /* Release */ = {
			isa = XCBuildConfiguration;
			buildSettings = {
				CODE_SIGN_STYLE = Automatic;
				PRODUCT_NAME = "$(TARGET_NAME)";
			};
			name = Release;
		};
/* End XCBuildConfiguration section */

/* Begin XCConfigurationList section */
		D2C096C920A2294900E51D07 /* Build configuration list for PBXProject "SNAP" */ = {
			isa = XCConfigurationList;
			buildConfigurations = (
				D2C096D320A2294A00E51D07 /* Debug */,
				D2C096D420A2294A00E51D07 /* Release */,
			);
			defaultConfigurationIsVisible = 0;
			defaultConfigurationName = Release;
		};
		D2C096D520A2294A00E51D07 /* Build configuration list for PBXNativeTarget "SNAP" */ = {
			isa = XCConfigurationList;
			buildConfigurations = (
				D2C096D620A2294A00E51D07 /* Debug */,
				D2C096D720A2294A00E51D07 /* Release */,
			);
			defaultConfigurationIsVisible = 0;
			defaultConfigurationName = Release;
		};
/* End XCConfigurationList section */
	};
	rootObject = D2C096C620A2294900E51D07 /* Project object */;
}
